
Microsoft Visual Studio Solution File, Format Version 12.00
# Visual Studio Version 17
VisualStudioVersion = 17.4.33205.214
MinimumVisualStudioVersion = 10.0.40219.1
Project("{8BC9CEB8-8B4A-11D0-8D11-00A0C91BC942}") = "LabNo4", "LabNo4\LabNo4.vcxproj", "{403AC70A-FCAC-483F-99A7-63DDE6C875C9}"
EndProject
Global
	GlobalSection(SolutionConfigurationPlatforms) = preSolution
		Debug|x64 = Debug|x64
		Debug|x86 = Debug|x86
		Release|x64 = Release|x64
		Release|x86 = Release|x86
	EndGlobalSection
	GlobalSection(ProjectConfigurationPlatforms) = postSolution
		{403AC70A-FCAC-483F-99A7-63DDE6C875C9}.Debug|x64.ActiveCfg = Debug|x64
		{403AC70A-FCAC-483F-99A7-63DDE6C875C9}.Debug|x64.Build.0 = Debug|x64
		{403AC70A-FCAC-483F-99A7-63DDE6C875C9}.Debug|x86.ActiveCfg = Debug|Win32
		{403AC70A-FCAC-483F-99A7-63DDE6C875C9}.Debug|x86.Build.0 = Debug|Win32
		{403AC70A-FCAC-483F-99A7-63DDE6C875C9}.Release|x64.ActiveCfg = Release|x64
		{403AC70A-FCAC-483F-99A7-63DDE6C875C9}.Release|x64.Build.0 = Release|x64
		{403AC70A-FCAC-483F-99A7-63DDE6C875C9}.Release|x86.ActiveCfg = Release|Win32
		{403AC70A-FCAC-483F-99A7-63DDE6C875C9}.Release|x86.Build.0 = Release|Win32
	EndGlobalSection
	GlobalSection(SolutionProperties) = preSolution
		HideSolutionNode = FALSE
	EndGlobalSection
	GlobalSection(ExtensibilityGlobals) = postSolution
		SolutionGuid = {EBC3AE8B-E765-44B6-8DC0-A565DACE0F4C}
	EndGlobalSection
EndGlobal
